
Microsoft Visual Studio Solution File, Format Version 12.00
# Visual Studio Version 17
VisualStudioVersion = 17.9.34701.34
MinimumVisualStudioVersion = 10.0.40219.1
Project("{FAE04EC0-301F-11D3-BF4B-00C04F79EFBC}") = "CloudPortOE", "CloudPortOE\CloudPortOE.csproj", "{1F41F208-AF69-40C4-8703-9DF68387D207}"
EndProject
Global
	GlobalSection(SolutionConfigurationPlatforms) = preSolution
		Debug|Any CPU = Debug|Any CPU
		Release|Any CPU = Release|Any CPU
	EndGlobalSection
	GlobalSection(ProjectConfigurationPlatforms) = postSolution
		{1F41F208-AF69-40C4-8703-9DF68387D207}.Debug|Any CPU.ActiveCfg = Debug|Any CPU
		{1F41F208-AF69-40C4-8703-9DF68387D207}.Debug|Any CPU.Build.0 = Debug|Any CPU
		{1F41F208-AF69-40C4-8703-9DF68387D207}.Release|Any CPU.ActiveCfg = Release|Any CPU
		{1F41F208-AF69-40C4-8703-9DF68387D207}.Release|Any CPU.Build.0 = Release|Any CPU
	EndGlobalSection
	GlobalSection(SolutionProperties) = preSolution
		HideSolutionNode = FALSE
	EndGlobalSection
	GlobalSection(ExtensibilityGlobals) = postSolution
		SolutionGuid = {B8342C40-5738-4158-B799-AA49C8351FBC}
	EndGlobalSection
EndGlobal
